# THIS IS AN AUTOGENERATED FILE. DO NOT EDIT THIS FILE DIRECTLY.
# yarn lockfile v1


"@types/events@*":
  version "1.2.0"
  resolved "https://registry.yarnpkg.com/@types/events/-/events-1.2.0.tgz#81a6731ce4df43619e5c8c945383b3e62a89ea86"
  integrity sha512-KEIlhXnIutzKwRbQkGWb/I4HFqBuUykAdHgDED6xqwXJfONCjF5VoE0cXEiurh3XauygxzeDzgtXUqvLkxFzzA==

"@types/glob@^7.1.1":
  version "7.1.1"
  resolved "https://registry.yarnpkg.com/@types/glob/-/glob-7.1.1.tgz#aa59a1c6e3fbc421e07ccd31a944c30eba521575"
  integrity sha512-1Bh06cbWJUHMC97acuD6UMG29nMt0Aqz1vF3guLfG+kHHJhy3AyohZFFxYk2f7Q1SQIrNwvncxAE0N/9s70F2w==
  dependencies:
    "@types/events" "*"
    "@types/minimatch" "*"
    "@types/node" "*"

"@types/minimatch@*":
  version "3.0.3"
  resolved "https://registry.yarnpkg.com/@types/minimatch/-/minimatch-3.0.3.tgz#3dca0e3f33b200fc7d1139c0cd96c1268cadfd9d"
  integrity sha512-tHq6qdbT9U1IRSGf14CL0pUlULksvY9OZ+5eEgl1N7t+OA3tGvNpxJCzuKQlsNgCVwbAs670L1vcVQi8j9HjnA==

"@types/node@*":
  version "10.12.14"
  resolved "https://registry.yarnpkg.com/@types/node/-/node-10.12.14.tgz#c03b6380c5c301be0499ecd143b99b76ebe45678"
  integrity sha512-0rVcFRhM93kRGAU88ASCjX9Y3FWDCh+33G5Z5evpKOea4xcpLqDGwmo64+DjgaSezTN5j9KdnUzvxhOw7fNciQ==

adbkit-logcat@^1.1.0:
  version "1.1.0"
  resolved "https://registry.yarnpkg.com/adbkit-logcat/-/adbkit-logcat-1.1.0.tgz#01d7f9b0cef9093a30bcb3b007efff301508962f"
  integrity sha1-Adf5sM75CTowvLOwB+//MBUIli8=

adbkit-monkey@~1.0.1:
  version "1.0.1"
  resolved "https://registry.yarnpkg.com/adbkit-monkey/-/adbkit-monkey-1.0.1.tgz#f291be701a2efc567a63fc7aa6afcded31430be1"
  integrity sha1-8pG+cBou/FZ6Y/x6pq/N7TFDC+E=
  dependencies:
    async "~0.2.9"

adbkit@^2.11.0:
  version "2.11.0"
  resolved "https://registry.yarnpkg.com/adbkit/-/adbkit-2.11.0.tgz#9a8da51e62790f8bae5296b1c52614f69e4c2684"
  integrity sha512-j2vUhEeZmCiqBP+p77CpPWQTcT20rOmSmRHFUTZUwUpxzeCd3fXop4NAGYztSY9/FNU4bT/qqvYQ4EZKuCXhfA==
  dependencies:
    adbkit-logcat "^1.1.0"
    adbkit-monkey "~1.0.1"
    bluebird "~2.9.24"
    commander "^2.3.0"
    debug "~2.6.3"
    node-forge "^0.7.1"
    split "~0.3.3"

async@~0.2.9:
  version "0.2.10"
  resolved "https://registry.yarnpkg.com/async/-/async-0.2.10.tgz#b6bbe0b0674b9d719708ca38de8c237cb526c3d1"
  integrity sha1-trvgsGdLnXGXCMo43owjfLUmw9E=

balanced-match@^1.0.0:
  version "1.0.0"
  resolved "https://registry.yarnpkg.com/balanced-match/-/balanced-match-1.0.0.tgz#89b4d199ab2bee49de164ea02b89ce462d71b767"
  integrity sha1-ibTRmasr7kneFk6gK4nORi1xt2c=

bluebird@~2.9.24:
  version "2.9.34"
  resolved "https://registry.yarnpkg.com/bluebird/-/bluebird-2.9.34.tgz#2f7b4ec80216328a9fddebdf69c8d4942feff7d8"
  integrity sha1-L3tOyAIWMoqf3evfacjUlC/v99g=

brace-expansion@^1.1.7:
  version "1.1.11"
  resolved "https://registry.yarnpkg.com/brace-expansion/-/brace-expansion-1.1.11.tgz#3c7fcbf529d87226f3d2f52b966ff5271eb441dd"
  integrity sha512-iCuPHDFgrHX7H2vEI/5xpz07zSHB00TpugqhmYtVmMO6518mCuRMoOYFldEBl0g187ufozdaHgWKcYFb61qGiA==
  dependencies:
    balanced-match "^1.0.0"
    concat-map "0.0.1"

commander@^2.3.0:
  version "2.19.0"
  resolved "https://registry.yarnpkg.com/commander/-/commander-2.19.0.tgz#f6198aa84e5b83c46054b94ddedbfed5ee9ff12a"
  integrity sha512-6tvAOO+D6OENvRAh524Dh9jcfKTYDQAqvqezbCW82xj5X0pSrcpxtvRKHLG0yBY6SD7PSDrJaj+0AiOcKVd1Xg==

concat-map@0.0.1:
  version "0.0.1"
  resolved "https://registry.yarnpkg.com/concat-map/-/concat-map-0.0.1.tgz#d8a96bd77fd68df7793a73036a3ba0d5405d477b"
  integrity sha1-2Klr13/Wjfd5OnMDajug1UBdR3s=

debug@~2.6.3:
  version "2.6.9"
  resolved "https://registry.yarnpkg.com/debug/-/debug-2.6.9.tgz#5d128515df134ff327e90a4c93f4e077a536341f"
  integrity sha512-bC7ElrdJaJnPbAP+1EotYvqZsb3ecl5wi6Bfi6BJTUcNowp6cvspg0jXznRTKDjm/E7AdgFBVeAPVMNcKGsHMA==
  dependencies:
    ms "2.0.0"

flora@yodaos-project/node-flora#master:
  version "0.1.0"
  resolved "https://codeload.github.com/yodaos-project/node-flora/tar.gz/9f0462e899716e1a694ef18b692f8376a16039c9"
  dependencies:
    node-addon-api "^1.6.2"

fs.realpath@^1.0.0:
  version "1.0.0"
  resolved "https://registry.yarnpkg.com/fs.realpath/-/fs.realpath-1.0.0.tgz#1504ad2523158caa40db4a2787cb01411994ea4f"
  integrity sha1-FQStJSMVjKpA20onh8sBQRmU6k8=

glob@^7.1.3:
  version "7.1.3"
  resolved "https://registry.yarnpkg.com/glob/-/glob-7.1.3.tgz#3960832d3f1574108342dafd3a67b332c0969df1"
  integrity sha512-vcfuiIxogLV4DlGBHIUOwI0IbrJ8HWPc4MU7HzviGeNho/UJDfi6B5p3sHeWIQ0KGIU0Jpxi5ZHxemQfLkkAwQ==
  dependencies:
    fs.realpath "^1.0.0"
    inflight "^1.0.4"
    inherits "2"
    minimatch "^3.0.4"
    once "^1.3.0"
    path-is-absolute "^1.0.0"

inflight@^1.0.4:
  version "1.0.6"
  resolved "https://registry.yarnpkg.com/inflight/-/inflight-1.0.6.tgz#49bd6331d7d02d0c09bc910a1075ba8165b56df9"
  integrity sha1-Sb1jMdfQLQwJvJEKEHW6gWW1bfk=
  dependencies:
    once "^1.3.0"
    wrappy "1"

inherits@2:
  version "2.0.3"
  resolved "https://registry.yarnpkg.com/inherits/-/inherits-2.0.3.tgz#633c2c83e3da42a502f52466022480f4208261de"
  integrity sha1-Yzwsg+PaQqUC9SRmAiSA9CCCYd4=

minimatch@^3.0.4:
  version "3.0.4"
  resolved "https://registry.yarnpkg.com/minimatch/-/minimatch-3.0.4.tgz#5166e286457f03306064be5497e8dbb0c3d32083"
  integrity sha512-yJHVQEhyqPLUTgt9B83PXu6W3rx4MvvHvSUvToogpwoGDOUQ+yDrR0HRot+yOCdCO7u4hX3pWft6kWBBcqh0UA==
  dependencies:
    brace-expansion "^1.1.7"

ms@2.0.0:
  version "2.0.0"
  resolved "https://registry.yarnpkg.com/ms/-/ms-2.0.0.tgz#5608aeadfc00be6c2901df5f9861788de0d597c8"
  integrity sha1-VgiurfwAvmwpAd9fmGF4jeDVl8g=

node-addon-api@^1.6.2:
  version "1.6.2"
  resolved "https://registry.yarnpkg.com/node-addon-api/-/node-addon-api-1.6.2.tgz#d8aad9781a5cfc4132cc2fecdbdd982534265217"
  integrity sha512-479Bjw9nTE5DdBSZZWprFryHGjUaQC31y1wHo19We/k0BZlrmhqQitWoUL0cD8+scljCbIUL+E58oRDEakdGGA==

node-forge@^0.7.1:
  version "0.7.6"
  resolved "https://registry.yarnpkg.com/node-forge/-/node-forge-0.7.6.tgz#fdf3b418aee1f94f0ef642cd63486c77ca9724ac"
  integrity sha512-sol30LUpz1jQFBjOKwbjxijiE3b6pjd74YwfD0fJOKPjF+fONKb2Yg8rYgS6+bK6VDl+/wfr4IYpC7jDzLUIfw==

once@^1.3.0:
  version "1.4.0"
  resolved "https://registry.yarnpkg.com/once/-/once-1.4.0.tgz#583b1aa775961d4b113ac17d9c50baef9dd76bd1"
  integrity sha1-WDsap3WWHUsROsF9nFC6753Xa9E=
  dependencies:
    wrappy "1"

path-is-absolute@^1.0.0:
  version "1.0.1"
  resolved "https://registry.yarnpkg.com/path-is-absolute/-/path-is-absolute-1.0.1.tgz#174b9268735534ffbc7ace6bf53a5a9e1b5c5f5f"
  integrity sha1-F0uSaHNVNP+8es5r9TpanhtcX18=

split@~0.3.3:
  version "0.3.3"
  resolved "https://registry.yarnpkg.com/split/-/split-0.3.3.tgz#cd0eea5e63a211dfff7eb0f091c4133e2d0dd28f"
  integrity sha1-zQ7qXmOiEd//frDwkcQTPi0N0o8=
  dependencies:
    through "2"

through@2:
  version "2.3.8"
  resolved "https://registry.yarnpkg.com/through/-/through-2.3.8.tgz#0dd4c9ffaabc357960b1b724115d7e0e86a2e1f5"
  integrity sha1-DdTJ/6q8NXlgsbckEV1+Doai4fU=

typescript@^3.2.2:
  version "3.2.2"
  resolved "https://registry.yarnpkg.com/typescript/-/typescript-3.2.2.tgz#fe8101c46aa123f8353523ebdcf5730c2ae493e5"
  integrity sha512-VCj5UiSyHBjwfYacmDuc/NOk4QQixbE+Wn7MFJuS0nRuPQbof132Pw4u53dm264O8LPc2MVsc7RJNml5szurkg==

wrappy@1:
  version "1.0.2"
  resolved "https://registry.yarnpkg.com/wrappy/-/wrappy-1.0.2.tgz#b5243d8f3ec1aa35f1364605bc0d1036e30ab69f"
  integrity sha1-tSQ9jz7BqjXxNkYFvA0QNuMKtp8=
